
Microsoft Visual Studio Solution File, Format Version 11.00
# Visual Studio 2010
Project("{FAE04EC0-301F-11D3-BF4B-00C04F79EFBC}") = "DEA_MTA", "DEA_MTA.csproj", "{C497C7CD-52F2-4CFB-BF57-8BEC9372D030}"
EndProject
Global
	GlobalSection(SolutionConfigurationPlatforms) = preSolution
		Debug|Any CPU = Debug|Any CPU
		Release|Any CPU = Release|Any CPU
	EndGlobalSection
	GlobalSection(ProjectConfigurationPlatforms) = postSolution
		{C497C7CD-52F2-4CFB-BF57-8BEC9372D030}.Debug|Any CPU.ActiveCfg = Release|Any CPU
		{C497C7CD-52F2-4CFB-BF57-8BEC9372D030}.Debug|Any CPU.Build.0 = Release|Any CPU
		{C497C7CD-52F2-4CFB-BF57-8BEC9372D030}.Release|Any CPU.ActiveCfg = Release|Any CPU
		{C497C7CD-52F2-4CFB-BF57-8BEC9372D030}.Release|Any CPU.Build.0 = Release|Any CPU
	EndGlobalSection
	GlobalSection(SolutionProperties) = preSolution
		HideSolutionNode = FALSE
	EndGlobalSection
EndGlobal
